{
  "originHash" : "1a5c021090c60ab5457ec172fdddfbb7e456cfe3ba76c5649b10efea0ca62bc1",
  "pins" : [
    {
      "identity" : "catena",
      "kind" : "remoteSourceControl",
      "location" : "https://github.com/Fleuronic/Catena",
      "state" : {
        "branch" : "main",
        "revision" : "e01565976a800ef370751b685d4e06a637b352f3"
      }
    },
    {
      "identity" : "dewdrop",
      "kind" : "remoteSourceControl",
      "location" : "https://github.com/Fleuronic/Dewdrop",
      "state" : {
        "branch" : "main",
        "revision" : "3c3992e135e254313e60d3d27169b818a7a089a8"
      }
    },
    {
      "identity" : "identity",
      "kind" : "remoteSourceControl",
      "location" : "https://github.com/Fleuronic/Identity",
      "state" : {
        "branch" : "master",
        "revision" : "152f96ff2f828c56363d7ab089b81c80b6cbf1ca"
      }
    },
    {
      "identity" : "initmacro",
      "kind" : "remoteSourceControl",
      "location" : "https://github.com/Fleuronic/InitMacro.git",
      "state" : {
        "branch" : "main",
        "revision" : "323cda3658117d4c58d597908365ab5dcb939d2e"
      }
    },
    {
      "identity" : "swift-security",
      "kind" : "remoteSourceControl",
      "location" : "https://github.com/dm-zharov/swift-security",
      "state" : {
        "branch" : "main",
        "revision" : "1d9d3b1aefcb8ca965a21f63c3f1b725bb5f3a3d"
      }
    },
    {
      "identity" : "swift-syntax",
      "kind" : "remoteSourceControl",
      "location" : "https://github.com/apple/swift-syntax",
      "state" : {
        "revision" : "08a2f0a9a30e0f705f79c9cfaca1f68b71bdc775",
        "version" : "510.0.0"
      }
    }
  ],
  "version" : 3
}
